
Microsoft Visual Studio Solution File, Format Version 10.00
# Visual C# Express 2008
Project("{FAE04EC0-301F-11D3-BF4B-00C04F79EFBC}") = "Lunula", "Lunula\Lunula.csproj", "{68E5EEF8-3611-4C39-8A3F-A15A2255673D}"
EndProject
Global
	GlobalSection(SolutionConfigurationPlatforms) = preSolution
		Debug|Any CPU = Debug|Any CPU
		Release|Any CPU = Release|Any CPU
	EndGlobalSection
	GlobalSection(ProjectConfigurationPlatforms) = postSolution
		{68E5EEF8-3611-4C39-8A3F-A15A2255673D}.Debug|Any CPU.ActiveCfg = Debug|Any CPU
		{68E5EEF8-3611-4C39-8A3F-A15A2255673D}.Debug|Any CPU.Build.0 = Debug|Any CPU
		{68E5EEF8-3611-4C39-8A3F-A15A2255673D}.Release|Any CPU.ActiveCfg = Release|Any CPU
		{68E5EEF8-3611-4C39-8A3F-A15A2255673D}.Release|Any CPU.Build.0 = Release|Any CPU
	EndGlobalSection
	GlobalSection(SolutionProperties) = preSolution
		HideSolutionNode = FALSE
	EndGlobalSection
EndGlobal
